
Microsoft Visual Studio Solution File, Format Version 12.00
# Visual Studio 15
VisualStudioVersion = 15.0.27004.2010
MinimumVisualStudioVersion = 10.0.40219.1
Project("{DA7A21FA-8162-4350-AD77-A8D1B671F3ED}") = "california-mortality", "california-mortality.rxproj", "{0C52FB8C-68D4-4323-A176-BC9F56E90D3B}"
EndProject
Global
	GlobalSection(SolutionConfigurationPlatforms) = preSolution
		Debug|Any CPU = Debug|Any CPU
		Release|Any CPU = Release|Any CPU
	EndGlobalSection
	GlobalSection(ProjectConfigurationPlatforms) = postSolution
		{0C52FB8C-68D4-4323-A176-BC9F56E90D3B}.Debug|Any CPU.ActiveCfg = Debug|Any CPU
		{0C52FB8C-68D4-4323-A176-BC9F56E90D3B}.Debug|Any CPU.Build.0 = Debug|Any CPU
		{0C52FB8C-68D4-4323-A176-BC9F56E90D3B}.Release|Any CPU.ActiveCfg = Release|Any CPU
		{0C52FB8C-68D4-4323-A176-BC9F56E90D3B}.Release|Any CPU.Build.0 = Release|Any CPU
	EndGlobalSection
	GlobalSection(SolutionProperties) = preSolution
		HideSolutionNode = FALSE
	EndGlobalSection
	GlobalSection(ExtensibilityGlobals) = postSolution
		SolutionGuid = {13FC83BF-40B9-47B0-8B40-4CCF41A77DCF}
	EndGlobalSection
EndGlobal
